
Microsoft Visual Studio Solution File, Format Version 12.00
# Visual Studio 15
VisualStudioVersion = 15.0.28010.2036
MinimumVisualStudioVersion = 10.0.40219.1
Project("{FAE04EC0-301F-11D3-BF4B-00C04F79EFBC}") = "Employee Management System", "Employee Management System\Employee Management System.csproj", "{641C0B79-49ED-4B3F-A4E4-693D2557DAC8}"
EndProject
Global
	GlobalSection(SolutionConfigurationPlatforms) = preSolution
		Debug|Any CPU = Debug|Any CPU
		Release|Any CPU = Release|Any CPU
	EndGlobalSection
	GlobalSection(ProjectConfigurationPlatforms) = postSolution
		{641C0B79-49ED-4B3F-A4E4-693D2557DAC8}.Debug|Any CPU.ActiveCfg = Debug|Any CPU
		{641C0B79-49ED-4B3F-A4E4-693D2557DAC8}.Debug|Any CPU.Build.0 = Debug|Any CPU
		{641C0B79-49ED-4B3F-A4E4-693D2557DAC8}.Release|Any CPU.ActiveCfg = Release|Any CPU
		{641C0B79-49ED-4B3F-A4E4-693D2557DAC8}.Release|Any CPU.Build.0 = Release|Any CPU
	EndGlobalSection
	GlobalSection(SolutionProperties) = preSolution
		HideSolutionNode = FALSE
	EndGlobalSection
	GlobalSection(ExtensibilityGlobals) = postSolution
		SolutionGuid = {82225E3A-2353-4807-AFE4-7E8BFF0E1549}
	EndGlobalSection
EndGlobal
